// !$*UTF8*$!
{
	archiveVersion = 1;
	classes = {
	};
	objectVersion = 46;
	objects = {

/* Begin PBXBuildFile section */
		CF1DC9051E6E2B1500663317 /* AppDelegate.swift in Sources */ = {isa = PBXBuildFile; fileRef = CF1DC9041E6E2B1500663317 /* AppDelegate.swift */; };
		CF1DC9071E6E2B1500663317 /* HomeViewController.swift in Sources */ = {isa = PBXBuildFile; fileRef = CF1DC9061E6E2B1500663317 /* HomeViewController.swift */; };
		CF1DC9091E6E2B1500663317 /* AthletesViewController.swift in Sources */ = {isa = PBXBuildFile; fileRef = CF1DC9081E6E2B1500663317 /* AthletesViewController.swift */; };
		CF1DC90C1E6E2B1500663317 /* Main.storyboard in Resources */ = {isa = PBXBuildFile; fileRef = CF1DC90A1E6E2B1500663317 /* Main.storyboard */; };
		CF1DC90E1E6E2B1500663317 /* Assets.xcassets in Resources */ = {isa = PBXBuildFile; fileRef = CF1DC90D1E6E2B1500663317 /* Assets.xcassets */; };
		CF1DC9111E6E2B1500663317 /* LaunchScreen.storyboard in Resources */ = {isa = PBXBuildFile; fileRef = CF1DC90F1E6E2B1500663317 /* LaunchScreen.storyboard */; };
		CF1DC91C1E6E2B1500663317 /* TrackErTests.swift in Sources */ = {isa = PBXBuildFile; fileRef = CF1DC91B1E6E2B1500663317 /* TrackErTests.swift */; };
		CF1DC9271E6E2B1500663317 /* TrackErUITests.swift in Sources */ = {isa = PBXBuildFile; fileRef = CF1DC9261E6E2B1500663317 /* TrackErUITests.swift */; };
		CF1DC9351E6E2C6B00663317 /* TimerViewController.swift in Sources */ = {isa = PBXBuildFile; fileRef = CF1DC9341E6E2C6B00663317 /* TimerViewController.swift */; };
		CF1DC9371E6E2C7600663317 /* StopwatchViewController.swift in Sources */ = {isa = PBXBuildFile; fileRef = CF1DC9361E6E2C7600663317 /* StopwatchViewController.swift */; };
		CF1DC9391E72488E00663317 /* AthleteDetailViewController.swift in Sources */ = {isa = PBXBuildFile; fileRef = CF1DC9381E72488E00663317 /* AthleteDetailViewController.swift */; };
		CF1DC93B1E7248BA00663317 /* AthleteTableViewCell.swift in Sources */ = {isa = PBXBuildFile; fileRef = CF1DC93A1E7248BA00663317 /* AthleteTableViewCell.swift */; };
		CF1DC93E1E72497300663317 /* NewAthleteFormViewController.swift in Sources */ = {isa = PBXBuildFile; fileRef = CF1DC93D1E72497300663317 /* NewAthleteFormViewController.swift */; };
		CF8876461E75050100CD543E /* OnboardingViewController.swift in Sources */ = {isa = PBXBuildFile; fileRef = CF8876451E75050000CD543E /* OnboardingViewController.swift */; };
		CF8876481E75B28400CD543E /* Athlete.swift in Sources */ = {isa = PBXBuildFile; fileRef = CF8876471E75B28400CD543E /* Athlete.swift */; };
		CF88764A1E75C1B600CD543E /* WeatherRetriever.swift in Sources */ = {isa = PBXBuildFile; fileRef = CF8876491E75C1B600CD543E /* WeatherRetriever.swift */; };
		CF88764C1E760F0E00CD543E /* runner.png in Resources */ = {isa = PBXBuildFile; fileRef = CF88764B1E760F0E00CD543E /* runner.png */; };
		CF8876521E762DFF00CD543E /* circle-x.png in Resources */ = {isa = PBXBuildFile; fileRef = CF88764D1E762DFF00CD543E /* circle-x.png */; };
		CF8876531E762DFF00CD543E /* timer.png in Resources */ = {isa = PBXBuildFile; fileRef = CF88764E1E762DFF00CD543E /* timer.png */; };
		CF8876541E762DFF00CD543E /* stopwatch.png in Resources */ = {isa = PBXBuildFile; fileRef = CF88764F1E762DFF00CD543E /* stopwatch.png */; };
		CF8876551E762DFF00CD543E /* new-message.png in Resources */ = {isa = PBXBuildFile; fileRef = CF8876501E762DFF00CD543E /* new-message.png */; };
		CF8876561E762DFF00CD543E /* home.png in Resources */ = {isa = PBXBuildFile; fileRef = CF8876511E762DFF00CD543E /* home.png */; };
		CF8876591E76337A00CD543E /* running-icon.png in Resources */ = {isa = PBXBuildFile; fileRef = CF8876581E76337A00CD543E /* running-icon.png */; };
		CF88765B1E763A7D00CD543E /* LapTableViewCell.swift in Sources */ = {isa = PBXBuildFile; fileRef = CF88765A1E763A7D00CD543E /* LapTableViewCell.swift */; };
		CF88765D1E774B2200CD543E /* InfoViewController.swift in Sources */ = {isa = PBXBuildFile; fileRef = CF88765C1E774B2200CD543E /* InfoViewController.swift */; };
		CF8876611E78700E00CD543E /* runningman.gif in Resources */ = {isa = PBXBuildFile; fileRef = CF8876601E78700E00CD543E /* runningman.gif */; };
		CF8876631E78784800CD543E /* SplashViewController.swift in Sources */ = {isa = PBXBuildFile; fileRef = CF8876621E78784800CD543E /* SplashViewController.swift */; };
		CF8876651E7879B800CD543E /* track.jpg in Resources */ = {isa = PBXBuildFile; fileRef = CF8876641E7879B800CD543E /* track.jpg */; };
		CF8876671E7997C000CD543E /* Settings.bundle in Resources */ = {isa = PBXBuildFile; fileRef = CF8876661E7997C000CD543E /* Settings.bundle */; };
		CFE064641E79E08400CACC74 /* AthletesPopupViewController.swift in Sources */ = {isa = PBXBuildFile; fileRef = CFE064631E79E08400CACC74 /* AthletesPopupViewController.swift */; };
		CFE064661E79E0E400CACC74 /* PopupAthleteTableViewCell.swift in Sources */ = {isa = PBXBuildFile; fileRef = CFE064651E79E0E400CACC74 /* PopupAthleteTableViewCell.swift */; };
/* End PBXBuildFile section */

/* Begin PBXContainerItemProxy section */
		CF1DC9181E6E2B1500663317 /* PBXContainerItemProxy */ = {
			isa = PBXContainerItemProxy;
			containerPortal = CF1DC8F91E6E2B1400663317 /* Project object */;
			proxyType = 1;
			remoteGlobalIDString = CF1DC9001E6E2B1400663317;
			remoteInfo = TrackEr;
		};
		CF1DC9231E6E2B1500663317 /* PBXContainerItemProxy */ = {
			isa = PBXContainerItemProxy;
			containerPortal = CF1DC8F91E6E2B1400663317 /* Project object */;
			proxyType = 1;
			remoteGlobalIDString = CF1DC9001E6E2B1400663317;
			remoteInfo = TrackEr;
		};
/* End PBXContainerItemProxy section */

/* Begin PBXFileReference section */
		CF1DC9011E6E2B1500663317 /* TrackEr.app */ = {isa = PBXFileReference; explicitFileType = wrapper.application; includeInIndex = 0; path = TrackEr.app; sourceTree = BUILT_PRODUCTS_DIR; };
		CF1DC9041E6E2B1500663317 /* AppDelegate.swift */ = {isa = PBXFileReference; lastKnownFileType = sourcecode.swift; path = AppDelegate.swift; sourceTree = "<group>"; };
		CF1DC9061E6E2B1500663317 /* HomeViewController.swift */ = {isa = PBXFileReference; lastKnownFileType = sourcecode.swift; path = HomeViewController.swift; sourceTree = "<group>"; };
		CF1DC9081E6E2B1500663317 /* AthletesViewController.swift */ = {isa = PBXFileReference; lastKnownFileType = sourcecode.swift; path = AthletesViewController.swift; sourceTree = "<group>"; };
		CF1DC90B1E6E2B1500663317 /* Base */ = {isa = PBXFileReference; lastKnownFileType = file.storyboard; name = Base; path = Base.lproj/Main.storyboard; sourceTree = "<group>"; };
		CF1DC90D1E6E2B1500663317 /* Assets.xcassets */ = {isa = PBXFileReference; lastKnownFileType = folder.assetcatalog; path = Assets.xcassets; sourceTree = "<group>"; };
		CF1DC9101E6E2B1500663317 /* Base */ = {isa = PBXFileReference; lastKnownFileType = file.storyboard; name = Base; path = Base.lproj/LaunchScreen.storyboard; sourceTree = "<group>"; };
		CF1DC9121E6E2B1500663317 /* Info.plist */ = {isa = PBXFileReference; lastKnownFileType = text.plist.xml; path = Info.plist; sourceTree = "<group>"; };
		CF1DC9171E6E2B1500663317 /* TrackErTests.xctest */ = {isa = PBXFileReference; explicitFileType = wrapper.cfbundle; includeInIndex = 0; path = TrackErTests.xctest; sourceTree = BUILT_PRODUCTS_DIR; };
		CF1DC91B1E6E2B1500663317 /* TrackErTests.swift */ = {isa = PBXFileReference; lastKnownFileType = sourcecode.swift; path = TrackErTests.swift; sourceTree = "<group>"; };
		CF1DC91D1E6E2B1500663317 /* Info.plist */ = {isa = PBXFileReference; lastKnownFileType = text.plist.xml; path = Info.plist; sourceTree = "<group>"; };
		CF1DC9221E6E2B1500663317 /* TrackErUITests.xctest */ = {isa = PBXFileReference; explicitFileType = wrapper.cfbundle; includeInIndex = 0; path = TrackErUITests.xctest; sourceTree = BUILT_PRODUCTS_DIR; };
		CF1DC9261E6E2B1500663317 /* TrackErUITests.swift */ = {isa = PBXFileReference; lastKnownFileType = sourcecode.swift; path = TrackErUITests.swift; sourceTree = "<group>"; };
		CF1DC9281E6E2B1500663317 /* Info.plist */ = {isa = PBXFileReference; lastKnownFileType = text.plist.xml; path = Info.plist; sourceTree = "<group>"; };
		CF1DC9341E6E2C6B00663317 /* TimerViewController.swift */ = {isa = PBXFileReference; fileEncoding = 4; lastKnownFileType = sourcecode.swift; path = TimerViewController.swift; sourceTree = "<group>"; };
		CF1DC9361E6E2C7600663317 /* StopwatchViewController.swift */ = {isa = PBXFileReference; fileEncoding = 4; lastKnownFileType = sourcecode.swift; path = StopwatchViewController.swift; sourceTree = "<group>"; };
		CF1DC9381E72488E00663317 /* AthleteDetailViewController.swift */ = {isa = PBXFileReference; fileEncoding = 4; lastKnownFileType = sourcecode.swift; path = AthleteDetailViewController.swift; sourceTree = "<group>"; };
		CF1DC93A1E7248BA00663317 /* AthleteTableViewCell.swift */ = {isa = PBXFileReference; fileEncoding = 4; lastKnownFileType = sourcecode.swift; path = AthleteTableViewCell.swift; sourceTree = "<group>"; };
		CF1DC93D1E72497300663317 /* NewAthleteFormViewController.swift */ = {isa = PBXFileReference; fileEncoding = 4; lastKnownFileType = sourcecode.swift; path = NewAthleteFormViewController.swift; sourceTree = "<group>"; };
		CF8876451E75050000CD543E /* OnboardingViewController.swift */ = {isa = PBXFileReference; fileEncoding = 4; lastKnownFileType = sourcecode.swift; path = OnboardingViewController.swift; sourceTree = "<group>"; };
		CF8876471E75B28400CD543E /* Athlete.swift */ = {isa = PBXFileReference; fileEncoding = 4; lastKnownFileType = sourcecode.swift; path = Athlete.swift; sourceTree = "<group>"; };
		CF8876491E75C1B600CD543E /* WeatherRetriever.swift */ = {isa = PBXFileReference; fileEncoding = 4; lastKnownFileType = sourcecode.swift; path = WeatherRetriever.swift; sourceTree = "<group>"; };
		CF88764B1E760F0E00CD543E /* runner.png */ = {isa = PBXFileReference; lastKnownFileType = image.png; path = runner.png; sourceTree = "<group>"; };
		CF88764D1E762DFF00CD543E /* circle-x.png */ = {isa = PBXFileReference; lastKnownFileType = image.png; path = "circle-x.png"; sourceTree = "<group>"; };
		CF88764E1E762DFF00CD543E /* timer.png */ = {isa = PBXFileReference; lastKnownFileType = image.png; path = timer.png; sourceTree = "<group>"; };
		CF88764F1E762DFF00CD543E /* stopwatch.png */ = {isa = PBXFileReference; lastKnownFileType = image.png; path = stopwatch.png; sourceTree = "<group>"; };
		CF8876501E762DFF00CD543E /* new-message.png */ = {isa = PBXFileReference; lastKnownFileType = image.png; path = "new-message.png"; sourceTree = "<group>"; };
		CF8876511E762DFF00CD543E /* home.png */ = {isa = PBXFileReference; lastKnownFileType = image.png; path = home.png; sourceTree = "<group>"; };
		CF8876581E76337A00CD543E /* running-icon.png */ = {isa = PBXFileReference; lastKnownFileType = image.png; path = "running-icon.png"; sourceTree = "<group>"; };
		CF88765A1E763A7D00CD543E /* LapTableViewCell.swift */ = {isa = PBXFileReference; fileEncoding = 4; lastKnownFileType = sourcecode.swift; path = LapTableViewCell.swift; sourceTree = "<group>"; };
		CF88765C1E774B2200CD543E /* InfoViewController.swift */ = {isa = PBXFileReference; fileEncoding = 4; lastKnownFileType = sourcecode.swift; path = InfoViewController.swift; sourceTree = "<group>"; };
		CF8876601E78700E00CD543E /* runningman.gif */ = {isa = PBXFileReference; lastKnownFileType = image.gif; path = runningman.gif; sourceTree = "<group>"; };
		CF8876621E78784800CD543E /* SplashViewController.swift */ = {isa = PBXFileReference; fileEncoding = 4; lastKnownFileType = sourcecode.swift; path = SplashViewController.swift; sourceTree = "<group>"; };
		CF8876641E7879B800CD543E /* track.jpg */ = {isa = PBXFileReference; lastKnownFileType = image.jpeg; path = track.jpg; sourceTree = "<group>"; };
		CF8876661E7997C000CD543E /* Settings.bundle */ = {isa = PBXFileReference; lastKnownFileType = "wrapper.plug-in"; path = Settings.bundle; sourceTree = "<group>"; };
		CFE064631E79E08400CACC74 /* AthletesPopupViewController.swift */ = {isa = PBXFileReference; fileEncoding = 4; lastKnownFileType = sourcecode.swift; path = AthletesPopupViewController.swift; sourceTree = "<group>"; };
		CFE064651E79E0E400CACC74 /* PopupAthleteTableViewCell.swift */ = {isa = PBXFileReference; fileEncoding = 4; lastKnownFileType = sourcecode.swift; path = PopupAthleteTableViewCell.swift; sourceTree = "<group>"; };
/* End PBXFileReference section */

/* Begin PBXFrameworksBuildPhase section */
		CF1DC8FE1E6E2B1400663317 /* Frameworks */ = {
			isa = PBXFrameworksBuildPhase;
			buildActionMask = 2147483647;
			files = (
			);
			runOnlyForDeploymentPostprocessing = 0;
		};
		CF1DC9141E6E2B1500663317 /* Frameworks */ = {
			isa = PBXFrameworksBuildPhase;
			buildActionMask = 2147483647;
			files = (
			);
			runOnlyForDeploymentPostprocessing = 0;
		};
		CF1DC91F1E6E2B1500663317 /* Frameworks */ = {
			isa = PBXFrameworksBuildPhase;
			buildActionMask = 2147483647;
			files = (
			);
			runOnlyForDeploymentPostprocessing = 0;
		};
/* End PBXFrameworksBuildPhase section */

/* Begin PBXGroup section */
		CF1DC8F81E6E2B1400663317 = {
			isa = PBXGroup;
			children = (
				CF8876661E7997C000CD543E /* Settings.bundle */,
				CF1DC9031E6E2B1500663317 /* TrackEr */,
				CF1DC91A1E6E2B1500663317 /* TrackErTests */,
				CF1DC9251E6E2B1500663317 /* TrackErUITests */,
				CF1DC9021E6E2B1500663317 /* Products */,
			);
			sourceTree = "<group>";
		};
		CF1DC9021E6E2B1500663317 /* Products */ = {
			isa = PBXGroup;
			children = (
				CF1DC9011E6E2B1500663317 /* TrackEr.app */,
				CF1DC9171E6E2B1500663317 /* TrackErTests.xctest */,
				CF1DC9221E6E2B1500663317 /* TrackErUITests.xctest */,
			);
			name = Products;
			sourceTree = "<group>";
		};
		CF1DC9031E6E2B1500663317 /* TrackEr */ = {
			isa = PBXGroup;
			children = (
				CF1DC93C1E72492B00663317 /* Athlete */,
				CF1DC9041E6E2B1500663317 /* AppDelegate.swift */,
				CF1DC9061E6E2B1500663317 /* HomeViewController.swift */,
				CF8876451E75050000CD543E /* OnboardingViewController.swift */,
				CF1DC9341E6E2C6B00663317 /* TimerViewController.swift */,
				CF1DC9361E6E2C7600663317 /* StopwatchViewController.swift */,
				CF88765A1E763A7D00CD543E /* LapTableViewCell.swift */,
				CF1DC90A1E6E2B1500663317 /* Main.storyboard */,
				CFE064651E79E0E400CACC74 /* PopupAthleteTableViewCell.swift */,
				CFE064631E79E08400CACC74 /* AthletesPopupViewController.swift */,
				CF8876621E78784800CD543E /* SplashViewController.swift */,
				CF88765C1E774B2200CD543E /* InfoViewController.swift */,
				CF8876491E75C1B600CD543E /* WeatherRetriever.swift */,
				CF1DC90D1E6E2B1500663317 /* Assets.xcassets */,
				CF1DC90F1E6E2B1500663317 /* LaunchScreen.storyboard */,
				CF1DC9121E6E2B1500663317 /* Info.plist */,
				CF8876571E762E1100CD543E /* Images */,
			);
			path = TrackEr;
			sourceTree = "<group>";
		};
		CF1DC91A1E6E2B1500663317 /* TrackErTests */ = {
			isa = PBXGroup;
			children = (
				CF1DC91B1E6E2B1500663317 /* TrackErTests.swift */,
				CF1DC91D1E6E2B1500663317 /* Info.plist */,
			);
			path = TrackErTests;
			sourceTree = "<group>";
		};
		CF1DC9251E6E2B1500663317 /* TrackErUITests */ = {
			isa = PBXGroup;
			children = (
				CF1DC9261E6E2B1500663317 /* TrackErUITests.swift */,
				CF1DC9281E6E2B1500663317 /* Info.plist */,
			);
			path = TrackErUITests;
			sourceTree = "<group>";
		};
		CF1DC93C1E72492B00663317 /* Athlete */ = {
			isa = PBXGroup;
			children = (
				CF1DC9081E6E2B1500663317 /* AthletesViewController.swift */,
				CF8876471E75B28400CD543E /* Athlete.swift */,
				CF1DC93A1E7248BA00663317 /* AthleteTableViewCell.swift */,
				CF1DC9381E72488E00663317 /* AthleteDetailViewController.swift */,
				CF1DC93D1E72497300663317 /* NewAthleteFormViewController.swift */,
			);
			name = Athlete;
			sourceTree = "<group>";
		};
		CF8876571E762E1100CD543E /* Images */ = {
			isa = PBXGroup;
			children = (
				CF8876641E7879B800CD543E /* track.jpg */,
				CF88764D1E762DFF00CD543E /* circle-x.png */,
				CF88764E1E762DFF00CD543E /* timer.png */,
				CF88764F1E762DFF00CD543E /* stopwatch.png */,
				CF8876581E76337A00CD543E /* running-icon.png */,
				CF8876601E78700E00CD543E /* runningman.gif */,
				CF8876501E762DFF00CD543E /* new-message.png */,
				CF8876511E762DFF00CD543E /* home.png */,
				CF88764B1E760F0E00CD543E /* runner.png */,
			);
			name = Images;
			sourceTree = "<group>";
		};
/* End PBXGroup section */

/* Begin PBXNativeTarget section */
		CF1DC9001E6E2B1400663317 /* TrackEr */ = {
			isa = PBXNativeTarget;
			buildConfigurationList = CF1DC92B1E6E2B1500663317 /* Build configuration list for PBXNativeTarget "TrackEr" */;
			buildPhases = (
				CF1DC8FD1E6E2B1400663317 /* Sources */,
				CF1DC8FE1E6E2B1400663317 /* Frameworks */,
				CF1DC8FF1E6E2B1400663317 /* Resources */,
			);
			buildRules = (
			);
			dependencies = (
			);
			name = TrackEr;
			productName = TrackEr;
			productReference = CF1DC9011E6E2B1500663317 /* TrackEr.app */;
			productType = "com.apple.product-type.application";
		};
		CF1DC9161E6E2B1500663317 /* TrackErTests */ = {
			isa = PBXNativeTarget;
			buildConfigurationList = CF1DC92E1E6E2B1500663317 /* Build configuration list for PBXNativeTarget "TrackErTests" */;
			buildPhases = (
				CF1DC9131E6E2B1500663317 /* Sources */,
				CF1DC9141E6E2B1500663317 /* Frameworks */,
				CF1DC9151E6E2B1500663317 /* Resources */,
			);
			buildRules = (
			);
			dependencies = (
				CF1DC9191E6E2B1500663317 /* PBXTargetDependency */,
			);
			name = TrackErTests;
			productName = TrackErTests;
			productReference = CF1DC9171E6E2B1500663317 /* TrackErTests.xctest */;
			productType = "com.apple.product-type.bundle.unit-test";
		};
		CF1DC9211E6E2B1500663317 /* TrackErUITests */ = {
			isa = PBXNativeTarget;
			buildConfigurationList = CF1DC9311E6E2B1500663317 /* Build configuration list for PBXNativeTarget "TrackErUITests" */;
			buildPhases = (
				CF1DC91E1E6E2B1500663317 /* Sources */,
				CF1DC91F1E6E2B1500663317 /* Frameworks */,
				CF1DC9201E6E2B1500663317 /* Resources */,
			);
			buildRules = (
			);
			dependencies = (
				CF1DC9241E6E2B1500663317 /* PBXTargetDependency */,
			);
			name = TrackErUITests;
			productName = TrackErUITests;
			productReference = CF1DC9221E6E2B1500663317 /* TrackErUITests.xctest */;
			productType = "com.apple.product-type.bundle.ui-testing";
		};
/* End PBXNativeTarget section */

/* Begin PBXProject section */
		CF1DC8F91E6E2B1400663317 /* Project object */ = {
			isa = PBXProject;
			attributes = {
				LastSwiftUpdateCheck = 0820;
				LastUpgradeCheck = 0820;
				ORGANIZATIONNAME = "Ashwin Aggarwal";
				TargetAttributes = {
					CF1DC9001E6E2B1400663317 = {
						CreatedOnToolsVersion = 8.2.1;
						DevelopmentTeam = 73649R3F49;
						ProvisioningStyle = Automatic;
					};
					CF1DC9161E6E2B1500663317 = {
						CreatedOnToolsVersion = 8.2.1;
						ProvisioningStyle = Automatic;
						TestTargetID = CF1DC9001E6E2B1400663317;
					};
					CF1DC9211E6E2B1500663317 = {
						CreatedOnToolsVersion = 8.2.1;
						ProvisioningStyle = Automatic;
						TestTargetID = CF1DC9001E6E2B1400663317;
					};
				};
			};
			buildConfigurationList = CF1DC8FC1E6E2B1400663317 /* Build configuration list for PBXProject "TrackEr" */;
			compatibilityVersion = "Xcode 3.2";
			developmentRegion = English;
			hasScannedForEncodings = 0;
			knownRegions = (
				en,
				Base,
			);
			mainGroup = CF1DC8F81E6E2B1400663317;
			productRefGroup = CF1DC9021E6E2B1500663317 /* Products */;
			projectDirPath = "";
			projectRoot = "";
			targets = (
				CF1DC9001E6E2B1400663317 /* TrackEr */,
				CF1DC9161E6E2B1500663317 /* TrackErTests */,
				CF1DC9211E6E2B1500663317 /* TrackErUITests */,
			);
		};
/* End PBXProject section */

/* Begin PBXResourcesBuildPhase section */
		CF1DC8FF1E6E2B1400663317 /* Resources */ = {
			isa = PBXResourcesBuildPhase;
			buildActionMask = 2147483647;
			files = (
				CF1DC9111E6E2B1500663317 /* LaunchScreen.storyboard in Resources */,
				CF8876611E78700E00CD543E /* runningman.gif in Resources */,
				CF8876671E7997C000CD543E /* Settings.bundle in Resources */,
				CF1DC90E1E6E2B1500663317 /* Assets.xcassets in Resources */,
				CF8876561E762DFF00CD543E /* home.png in Resources */,
				CF8876531E762DFF00CD543E /* timer.png in Resources */,
				CF8876651E7879B800CD543E /* track.jpg in Resources */,
				CF8876591E76337A00CD543E /* running-icon.png in Resources */,
				CF8876551E762DFF00CD543E /* new-message.png in Resources */,
				CF1DC90C1E6E2B1500663317 /* Main.storyboard in Resources */,
				CF8876541E762DFF00CD543E /* stopwatch.png in Resources */,
				CF88764C1E760F0E00CD543E /* runner.png in Resources */,
				CF8876521E762DFF00CD543E /* circle-x.png in Resources */,
			);
			runOnlyForDeploymentPostprocessing = 0;
		};
		CF1DC9151E6E2B1500663317 /* Resources */ = {
			isa = PBXResourcesBuildPhase;
			buildActionMask = 2147483647;
			files = (
			);
			runOnlyForDeploymentPostprocessing = 0;
		};
		CF1DC9201E6E2B1500663317 /* Resources */ = {
			isa = PBXResourcesBuildPhase;
			buildActionMask = 2147483647;
			files = (
			);
			runOnlyForDeploymentPostprocessing = 0;
		};
/* End PBXResourcesBuildPhase section */

/* Begin PBXSourcesBuildPhase section */
		CF1DC8FD1E6E2B1400663317 /* Sources */ = {
			isa = PBXSourcesBuildPhase;
			buildActionMask = 2147483647;
			files = (
				CF1DC9351E6E2C6B00663317 /* TimerViewController.swift in Sources */,
				CF88765B1E763A7D00CD543E /* LapTableViewCell.swift in Sources */,
				CF1DC93B1E7248BA00663317 /* AthleteTableViewCell.swift in Sources */,
				CF1DC9091E6E2B1500663317 /* AthletesViewController.swift in Sources */,
				CF1DC9371E6E2C7600663317 /* StopwatchViewController.swift in Sources */,
				CF8876631E78784800CD543E /* SplashViewController.swift in Sources */,
				CF1DC9051E6E2B1500663317 /* AppDelegate.swift in Sources */,
				CF8876481E75B28400CD543E /* Athlete.swift in Sources */,
				CFE064661E79E0E400CACC74 /* PopupAthleteTableViewCell.swift in Sources */,
				CFE064641E79E08400CACC74 /* AthletesPopupViewController.swift in Sources */,
				CF1DC93E1E72497300663317 /* NewAthleteFormViewController.swift in Sources */,
				CF1DC9071E6E2B1500663317 /* HomeViewController.swift in Sources */,
				CF88765D1E774B2200CD543E /* InfoViewController.swift in Sources */,
				CF88764A1E75C1B600CD543E /* WeatherRetriever.swift in Sources */,
				CF8876461E75050100CD543E /* OnboardingViewController.swift in Sources */,
				CF1DC9391E72488E00663317 /* AthleteDetailViewController.swift in Sources */,
			);
			runOnlyForDeploymentPostprocessing = 0;
		};
		CF1DC9131E6E2B1500663317 /* Sources */ = {
			isa = PBXSourcesBuildPhase;
			buildActionMask = 2147483647;
			files = (
				CF1DC91C1E6E2B1500663317 /* TrackErTests.swift in Sources */,
			);
			runOnlyForDeploymentPostprocessing = 0;
		};
		CF1DC91E1E6E2B1500663317 /* Sources */ = {
			isa = PBXSourcesBuildPhase;
			buildActionMask = 2147483647;
			files = (
				CF1DC9271E6E2B1500663317 /* TrackErUITests.swift in Sources */,
			);
			runOnlyForDeploymentPostprocessing = 0;
		};
/* End PBXSourcesBuildPhase section */

/* Begin PBXTargetDependency section */
		CF1DC9191E6E2B1500663317 /* PBXTargetDependency */ = {
			isa = PBXTargetDependency;
			target = CF1DC9001E6E2B1400663317 /* TrackEr */;
			targetProxy = CF1DC9181E6E2B1500663317 /* PBXContainerItemProxy */;
		};
		CF1DC9241E6E2B1500663317 /* PBXTargetDependency */ = {
			isa = PBXTargetDependency;
			target = CF1DC9001E6E2B1400663317 /* TrackEr */;
			targetProxy = CF1DC9231E6E2B1500663317 /* PBXContainerItemProxy */;
		};
/* End PBXTargetDependency section */

/* Begin PBXVariantGroup section */
		CF1DC90A1E6E2B1500663317 /* Main.storyboard */ = {
			isa = PBXVariantGroup;
			children = (
				CF1DC90B1E6E2B1500663317 /* Base */,
			);
			name = Main.storyboard;
			sourceTree = "<group>";
		};
		CF1DC90F1E6E2B1500663317 /* LaunchScreen.storyboard */ = {
			isa = PBXVariantGroup;
			children = (
				CF1DC9101E6E2B1500663317 /* Base */,
			);
			name = LaunchScreen.storyboard;
			sourceTree = "<group>";
		};
/* End PBXVariantGroup section */

/* Begin XCBuildConfiguration section */
		CF1DC9291E6E2B1500663317 /* Debug */ = {
			isa = XCBuildConfiguration;
			buildSettings = {
				ALWAYS_SEARCH_USER_PATHS = NO;
				CLANG_ANALYZER_NONNULL = YES;
				CLANG_CXX_LANGUAGE_STANDARD = "gnu++0x";
				CLANG_CXX_LIBRARY = "libc++";
				CLANG_ENABLE_MODULES = YES;
				CLANG_ENABLE_OBJC_ARC = YES;
				CLANG_WARN_BOOL_CONVERSION = YES;
				CLANG_WARN_CONSTANT_CONVERSION = YES;
				CLANG_WARN_DIRECT_OBJC_ISA_USAGE = YES_ERROR;
				CLANG_WARN_DOCUMENTATION_COMMENTS = YES;
				CLANG_WARN_EMPTY_BODY = YES;
				CLANG_WARN_ENUM_CONVERSION = YES;
				CLANG_WARN_INFINITE_RECURSION = YES;
				CLANG_WARN_INT_CONVERSION = YES;
				CLANG_WARN_OBJC_ROOT_CLASS = YES_ERROR;
				CLANG_WARN_SUSPICIOUS_MOVE = YES;
				CLANG_WARN_UNREACHABLE_CODE = YES;
				CLANG_WARN__DUPLICATE_METHOD_MATCH = YES;
				"CODE_SIGN_IDENTITY[sdk=iphoneos*]" = "iPhone Developer";
				COPY_PHASE_STRIP = NO;
				DEBUG_INFORMATION_FORMAT = dwarf;
				ENABLE_STRICT_OBJC_MSGSEND = YES;
				ENABLE_TESTABILITY = YES;
				GCC_C_LANGUAGE_STANDARD = gnu99;
				GCC_DYNAMIC_NO_PIC = NO;
				GCC_NO_COMMON_BLOCKS = YES;
				GCC_OPTIMIZATION_LEVEL = 0;
				GCC_PREPROCESSOR_DEFINITIONS = (
					"DEBUG=1",
					"$(inherited)",
				);
				GCC_WARN_64_TO_32_BIT_CONVERSION = YES;
				GCC_WARN_ABOUT_RETURN_TYPE = YES_ERROR;
				GCC_WARN_UNDECLARED_SELECTOR = YES;
				GCC_WARN_UNINITIALIZED_AUTOS = YES_AGGRESSIVE;
				GCC_WARN_UNUSED_FUNCTION = YES;
				GCC_WARN_UNUSED_VARIABLE = YES;
				IPHONEOS_DEPLOYMENT_TARGET = 10.2;
				MTL_ENABLE_DEBUG_INFO = YES;
				ONLY_ACTIVE_ARCH = YES;
				SDKROOT = iphoneos;
				SWIFT_ACTIVE_COMPILATION_CONDITIONS = DEBUG;
				SWIFT_OPTIMIZATION_LEVEL = "-Onone";
			};
			name = Debug;
		};
		CF1DC92A1E6E2B1500663317 /* Release */ = {
			isa = XCBuildConfiguration;
			buildSettings = {
				ALWAYS_SEARCH_USER_PATHS = NO;
				CLANG_ANALYZER_NONNULL = YES;
				CLANG_CXX_LANGUAGE_STANDARD = "gnu++0x";
				CLANG_CXX_LIBRARY = "libc++";
				CLANG_ENABLE_MODULES = YES;
				CLANG_ENABLE_OBJC_ARC = YES;
				CLANG_WARN_BOOL_CONVERSION = YES;
				CLANG_WARN_CONSTANT_CONVERSION = YES;
				CLANG_WARN_DIRECT_OBJC_ISA_USAGE = YES_ERROR;
				CLANG_WARN_DOCUMENTATION_COMMENTS = YES;
				CLANG_WARN_EMPTY_BODY = YES;
				CLANG_WARN_ENUM_CONVERSION = YES;
				CLANG_WARN_INFINITE_RECURSION = YES;
				CLANG_WARN_INT_CONVERSION = YES;
				CLANG_WARN_OBJC_ROOT_CLASS = YES_ERROR;
				CLANG_WARN_SUSPICIOUS_MOVE = YES;
				CLANG_WARN_UNREACHABLE_CODE = YES;
				CLANG_WARN__DUPLICATE_METHOD_MATCH = YES;
				"CODE_SIGN_IDENTITY[sdk=iphoneos*]" = "iPhone Developer";
				COPY_PHASE_STRIP = NO;
				DEBUG_INFORMATION_FORMAT = "dwarf-with-dsym";
				ENABLE_NS_ASSERTIONS = NO;
				ENABLE_STRICT_OBJC_MSGSEND = YES;
				GCC_C_LANGUAGE_STANDARD = gnu99;
				GCC_NO_COMMON_BLOCKS = YES;
				GCC_WARN_64_TO_32_BIT_CONVERSION = YES;
				GCC_WARN_ABOUT_RETURN_TYPE = YES_ERROR;
				GCC_WARN_UNDECLARED_SELECTOR = YES;
				GCC_WARN_UNINITIALIZED_AUTOS = YES_AGGRESSIVE;
				GCC_WARN_UNUSED_FUNCTION = YES;
				GCC_WARN_UNUSED_VARIABLE = YES;
				IPHONEOS_DEPLOYMENT_TARGET = 10.2;
				MTL_ENABLE_DEBUG_INFO = NO;
				SDKROOT = iphoneos;
				SWIFT_OPTIMIZATION_LEVEL = "-Owholemodule";
				VALIDATE_PRODUCT = YES;
			};
			name = Release;
		};
		CF1DC92C1E6E2B1500663317 /* Debug */ = {
			isa = XCBuildConfiguration;
			buildSettings = {
				ASSETCATALOG_COMPILER_APPICON_NAME = AppIcon;
				DEVELOPMENT_TEAM = 73649R3F49;
				INFOPLIST_FILE = TrackEr/Info.plist;
				LD_RUNPATH_SEARCH_PATHS = "$(inherited) @executable_path/Frameworks";
				PRODUCT_BUNDLE_IDENTIFIER = AshwinAggarwal.TrackEr;
				PRODUCT_NAME = "$(TARGET_NAME)";
				SDKROOT = iphoneos10.2;
				SWIFT_VERSION = 3.0;
				TARGETED_DEVICE_FAMILY = 1;
			};
			name = Debug;
		};
		CF1DC92D1E6E2B1500663317 /* Release */ = {
			isa = XCBuildConfiguration;
			buildSettings = {
				ASSETCATALOG_COMPILER_APPICON_NAME = AppIcon;
				DEVELOPMENT_TEAM = 73649R3F49;
				INFOPLIST_FILE = TrackEr/Info.plist;
				LD_RUNPATH_SEARCH_PATHS = "$(inherited) @executable_path/Frameworks";
				PRODUCT_BUNDLE_IDENTIFIER = AshwinAggarwal.TrackEr;
				PRODUCT_NAME = "$(TARGET_NAME)";
				SDKROOT = iphoneos10.2;
				SWIFT_VERSION = 3.0;
				TARGETED_DEVICE_FAMILY = 1;
			};
			name = Release;
		};
		CF1DC92F1E6E2B1500663317 /* Debug */ = {
			isa = XCBuildConfiguration;
			buildSettings = {
				ALWAYS_EMBED_SWIFT_STANDARD_LIBRARIES = YES;
				BUNDLE_LOADER = "$(TEST_HOST)";
				INFOPLIST_FILE = TrackErTests/Info.plist;
				LD_RUNPATH_SEARCH_PATHS = "$(inherited) @executable_path/Frameworks @loader_path/Frameworks";
				PRODUCT_BUNDLE_IDENTIFIER = AshwinAggarwal.TrackErTests;
				PRODUCT_NAME = "$(TARGET_NAME)";
				SWIFT_VERSION = 3.0;
				TEST_HOST = "$(BUILT_PRODUCTS_DIR)/TrackEr.app/TrackEr";
			};
			name = Debug;
		};
		CF1DC9301E6E2B1500663317 /* Release */ = {
			isa = XCBuildConfiguration;
			buildSettings = {
				ALWAYS_EMBED_SWIFT_STANDARD_LIBRARIES = YES;
				BUNDLE_LOADER = "$(TEST_HOST)";
				INFOPLIST_FILE = TrackErTests/Info.plist;
				LD_RUNPATH_SEARCH_PATHS = "$(inherited) @executable_path/Frameworks @loader_path/Frameworks";
				PRODUCT_BUNDLE_IDENTIFIER = AshwinAggarwal.TrackErTests;
				PRODUCT_NAME = "$(TARGET_NAME)";
				SWIFT_VERSION = 3.0;
				TEST_HOST = "$(BUILT_PRODUCTS_DIR)/TrackEr.app/TrackEr";
			};
			name = Release;
		};
		CF1DC9321E6E2B1500663317 /* Debug */ = {
			isa = XCBuildConfiguration;
			buildSettings = {
				ALWAYS_EMBED_SWIFT_STANDARD_LIBRARIES = YES;
				INFOPLIST_FILE = TrackErUITests/Info.plist;
				LD_RUNPATH_SEARCH_PATHS = "$(inherited) @executable_path/Frameworks @loader_path/Frameworks";
				PRODUCT_BUNDLE_IDENTIFIER = AshwinAggarwal.TrackErUITests;
				PRODUCT_NAME = "$(TARGET_NAME)";
				SWIFT_VERSION = 3.0;
				TEST_TARGET_NAME = TrackEr;
			};
			name = Debug;
		};
		CF1DC9331E6E2B1500663317 /* Release */ = {
			isa = XCBuildConfiguration;
			buildSettings = {
				ALWAYS_EMBED_SWIFT_STANDARD_LIBRARIES = YES;
				INFOPLIST_FILE = TrackErUITests/Info.plist;
				LD_RUNPATH_SEARCH_PATHS = "$(inherited) @executable_path/Frameworks @loader_path/Frameworks";
				PRODUCT_BUNDLE_IDENTIFIER = AshwinAggarwal.TrackErUITests;
				PRODUCT_NAME = "$(TARGET_NAME)";
				SWIFT_VERSION = 3.0;
				TEST_TARGET_NAME = TrackEr;
			};
			name = Release;
		};
/* End XCBuildConfiguration section */

/* Begin XCConfigurationList section */
		CF1DC8FC1E6E2B1400663317 /* Build configuration list for PBXProject "TrackEr" */ = {
			isa = XCConfigurationList;
			buildConfigurations = (
				CF1DC9291E6E2B1500663317 /* Debug */,
				CF1DC92A1E6E2B1500663317 /* Release */,
			);
			defaultConfigurationIsVisible = 0;
			defaultConfigurationName = Release;
		};
		CF1DC92B1E6E2B1500663317 /* Build configuration list for PBXNativeTarget "TrackEr" */ = {
			isa = XCConfigurationList;
			buildConfigurations = (
				CF1DC92C1E6E2B1500663317 /* Debug */,
				CF1DC92D1E6E2B1500663317 /* Release */,
			);
			defaultConfigurationIsVisible = 0;
			defaultConfigurationName = Release;
		};
		CF1DC92E1E6E2B1500663317 /* Build configuration list for PBXNativeTarget "TrackErTests" */ = {
			isa = XCConfigurationList;
			buildConfigurations = (
				CF1DC92F1E6E2B1500663317 /* Debug */,
				CF1DC9301E6E2B1500663317 /* Release */,
			);
			defaultConfigurationIsVisible = 0;
			defaultConfigurationName = Release;
		};
		CF1DC9311E6E2B1500663317 /* Build configuration list for PBXNativeTarget "TrackErUITests" */ = {
			isa = XCConfigurationList;
			buildConfigurations = (
				CF1DC9321E6E2B1500663317 /* Debug */,
				CF1DC9331E6E2B1500663317 /* Release */,
			);
			defaultConfigurationIsVisible = 0;
			defaultConfigurationName = Release;
		};
/* End XCConfigurationList section */
	};
	rootObject = CF1DC8F91E6E2B1400663317 /* Project object */;
}
